// !$*UTF8*$!
{
	archiveVersion = 1;
	classes = {
	};
	objectVersion = 46;
	objects = {

/* Begin PBXBuildFile section */
		B4CD632A1CB3B62700CEDD58 /* Expense+CoreDataProperties.swift in Sources */ = {isa = PBXBuildFile; fileRef = B4CD63261CB3B62700CEDD58 /* Expense+CoreDataProperties.swift */; };
		B4CD632B1CB3B62700CEDD58 /* Expense.swift in Sources */ = {isa = PBXBuildFile; fileRef = B4CD63271CB3B62700CEDD58 /* Expense.swift */; };
		B4CD632C1CB3B62700CEDD58 /* Income+CoreDataProperties.swift in Sources */ = {isa = PBXBuildFile; fileRef = B4CD63281CB3B62700CEDD58 /* Income+CoreDataProperties.swift */; };
		B4CD632D1CB3B62700CEDD58 /* Income.swift in Sources */ = {isa = PBXBuildFile; fileRef = B4CD63291CB3B62700CEDD58 /* Income.swift */; };
		B4EC7A4C1CB29D9700B1F613 /* AppDelegate.swift in Sources */ = {isa = PBXBuildFile; fileRef = B4EC7A4B1CB29D9700B1F613 /* AppDelegate.swift */; };
		B4EC7A4E1CB29D9700B1F613 /* ViewController.swift in Sources */ = {isa = PBXBuildFile; fileRef = B4EC7A4D1CB29D9700B1F613 /* ViewController.swift */; };
		B4EC7A511CB29D9700B1F613 /* Main.storyboard in Resources */ = {isa = PBXBuildFile; fileRef = B4EC7A4F1CB29D9700B1F613 /* Main.storyboard */; };
		B4EC7A541CB29D9700B1F613 /* Budgetto.xcdatamodeld in Sources */ = {isa = PBXBuildFile; fileRef = B4EC7A521CB29D9700B1F613 /* Budgetto.xcdatamodeld */; };
		B4EC7A561CB29D9700B1F613 /* Assets.xcassets in Resources */ = {isa = PBXBuildFile; fileRef = B4EC7A551CB29D9700B1F613 /* Assets.xcassets */; };
		B4EC7A591CB29D9700B1F613 /* LaunchScreen.storyboard in Resources */ = {isa = PBXBuildFile; fileRef = B4EC7A571CB29D9700B1F613 /* LaunchScreen.storyboard */; };
		B4EC7A631CB29EBE00B1F613 /* ExpensesDetailViewController.swift in Sources */ = {isa = PBXBuildFile; fileRef = B4EC7A621CB29EBE00B1F613 /* ExpensesDetailViewController.swift */; };
		B4EC7A651CB2A16D00B1F613 /* ExpensesController.swift in Sources */ = {isa = PBXBuildFile; fileRef = B4EC7A641CB2A16D00B1F613 /* ExpensesController.swift */; };
		B4EC7A6A1CB2AEBB00B1F613 /* UIColorExtension.swift in Sources */ = {isa = PBXBuildFile; fileRef = B4EC7A691CB2AEBB00B1F613 /* UIColorExtension.swift */; };
		B4EC7A6C1CB2B26300B1F613 /* UIViewExtension.swift in Sources */ = {isa = PBXBuildFile; fileRef = B4EC7A6B1CB2B26300B1F613 /* UIViewExtension.swift */; };
		F90067EA1CB3FD0A00B7075D /* TemplateTableViewController.swift in Sources */ = {isa = PBXBuildFile; fileRef = F90067E91CB3FD0A00B7075D /* TemplateTableViewController.swift */; };
		F90067EC1CB402D500B7075D /* TemplateDetailViewController.swift in Sources */ = {isa = PBXBuildFile; fileRef = F90067EB1CB402D500B7075D /* TemplateDetailViewController.swift */; };
		F98C76031CB5203F00944144 /* TemplateAddEditViewController.swift in Sources */ = {isa = PBXBuildFile; fileRef = F98C76021CB5203F00944144 /* TemplateAddEditViewController.swift */; };
		F9E9A32B1CB43FC600E10B2A /* BudgettoCell.swift in Sources */ = {isa = PBXBuildFile; fileRef = F9E9A32A1CB43FC600E10B2A /* BudgettoCell.swift */; };
/* End PBXBuildFile section */

/* Begin PBXFileReference section */
		B4CD63261CB3B62700CEDD58 /* Expense+CoreDataProperties.swift */ = {isa = PBXFileReference; fileEncoding = 4; lastKnownFileType = sourcecode.swift; path = "Expense+CoreDataProperties.swift"; sourceTree = "<group>"; };
		B4CD63271CB3B62700CEDD58 /* Expense.swift */ = {isa = PBXFileReference; fileEncoding = 4; lastKnownFileType = sourcecode.swift; path = Expense.swift; sourceTree = "<group>"; };
		B4CD63281CB3B62700CEDD58 /* Income+CoreDataProperties.swift */ = {isa = PBXFileReference; fileEncoding = 4; lastKnownFileType = sourcecode.swift; path = "Income+CoreDataProperties.swift"; sourceTree = "<group>"; };
		B4CD63291CB3B62700CEDD58 /* Income.swift */ = {isa = PBXFileReference; fileEncoding = 4; lastKnownFileType = sourcecode.swift; path = Income.swift; sourceTree = "<group>"; };
		B4EC7A481CB29D9700B1F613 /* Budgetto.app */ = {isa = PBXFileReference; explicitFileType = wrapper.application; includeInIndex = 0; path = Budgetto.app; sourceTree = BUILT_PRODUCTS_DIR; };
		B4EC7A4B1CB29D9700B1F613 /* AppDelegate.swift */ = {isa = PBXFileReference; lastKnownFileType = sourcecode.swift; path = AppDelegate.swift; sourceTree = "<group>"; };
		B4EC7A4D1CB29D9700B1F613 /* ViewController.swift */ = {isa = PBXFileReference; lastKnownFileType = sourcecode.swift; path = ViewController.swift; sourceTree = "<group>"; };
		B4EC7A501CB29D9700B1F613 /* Base */ = {isa = PBXFileReference; lastKnownFileType = file.storyboard; name = Base; path = Base.lproj/Main.storyboard; sourceTree = "<group>"; };
		B4EC7A531CB29D9700B1F613 /* Budgetto.xcdatamodel */ = {isa = PBXFileReference; lastKnownFileType = wrapper.xcdatamodel; path = Budgetto.xcdatamodel; sourceTree = "<group>"; };
		B4EC7A551CB29D9700B1F613 /* Assets.xcassets */ = {isa = PBXFileReference; lastKnownFileType = folder.assetcatalog; path = Assets.xcassets; sourceTree = "<group>"; };
		B4EC7A581CB29D9700B1F613 /* Base */ = {isa = PBXFileReference; lastKnownFileType = file.storyboard; name = Base; path = Base.lproj/LaunchScreen.storyboard; sourceTree = "<group>"; };
		B4EC7A5A1CB29D9700B1F613 /* Info.plist */ = {isa = PBXFileReference; lastKnownFileType = text.plist.xml; path = Info.plist; sourceTree = "<group>"; };
		B4EC7A621CB29EBE00B1F613 /* ExpensesDetailViewController.swift */ = {isa = PBXFileReference; fileEncoding = 4; lastKnownFileType = sourcecode.swift; path = ExpensesDetailViewController.swift; sourceTree = "<group>"; };
		B4EC7A641CB2A16D00B1F613 /* ExpensesController.swift */ = {isa = PBXFileReference; fileEncoding = 4; lastKnownFileType = sourcecode.swift; path = ExpensesController.swift; sourceTree = "<group>"; };
		B4EC7A691CB2AEBB00B1F613 /* UIColorExtension.swift */ = {isa = PBXFileReference; fileEncoding = 4; lastKnownFileType = sourcecode.swift; path = UIColorExtension.swift; sourceTree = "<group>"; };
		B4EC7A6B1CB2B26300B1F613 /* UIViewExtension.swift */ = {isa = PBXFileReference; fileEncoding = 4; lastKnownFileType = sourcecode.swift; path = UIViewExtension.swift; sourceTree = "<group>"; };
		F90067E91CB3FD0A00B7075D /* TemplateTableViewController.swift */ = {isa = PBXFileReference; fileEncoding = 4; lastKnownFileType = sourcecode.swift; name = TemplateTableViewController.swift; path = ../TemplateTableViewController.swift; sourceTree = "<group>"; };
		F90067EB1CB402D500B7075D /* TemplateDetailViewController.swift */ = {isa = PBXFileReference; fileEncoding = 4; lastKnownFileType = sourcecode.swift; path = TemplateDetailViewController.swift; sourceTree = "<group>"; };
		F98C76021CB5203F00944144 /* TemplateAddEditViewController.swift */ = {isa = PBXFileReference; fileEncoding = 4; lastKnownFileType = sourcecode.swift; path = TemplateAddEditViewController.swift; sourceTree = "<group>"; };
		F9E9A32A1CB43FC600E10B2A /* BudgettoCell.swift */ = {isa = PBXFileReference; fileEncoding = 4; lastKnownFileType = sourcecode.swift; path = BudgettoCell.swift; sourceTree = "<group>"; };
/* End PBXFileReference section */

/* Begin PBXFrameworksBuildPhase section */
		B4EC7A451CB29D9700B1F613 /* Frameworks */ = {
			isa = PBXFrameworksBuildPhase;
			buildActionMask = 2147483647;
			files = (
			);
			runOnlyForDeploymentPostprocessing = 0;
		};
/* End PBXFrameworksBuildPhase section */

/* Begin PBXGroup section */
		B4CD632E1CB3B63100CEDD58 /* Models */ = {
			isa = PBXGroup;
			children = (
				B4CD63261CB3B62700CEDD58 /* Expense+CoreDataProperties.swift */,
				B4CD63271CB3B62700CEDD58 /* Expense.swift */,
				B4CD63281CB3B62700CEDD58 /* Income+CoreDataProperties.swift */,
				B4CD63291CB3B62700CEDD58 /* Income.swift */,
			);
			name = Models;
			sourceTree = "<group>";
		};
		B4EC7A3F1CB29D9700B1F613 = {
			isa = PBXGroup;
			children = (
				B4CD632E1CB3B63100CEDD58 /* Models */,
				B4EC7A661CB2AE5700B1F613 /* Extensions */,
				B4EC7A4A1CB29D9700B1F613 /* Budgetto */,
				B4EC7A491CB29D9700B1F613 /* Products */,
			);
			sourceTree = "<group>";
		};
		B4EC7A491CB29D9700B1F613 /* Products */ = {
			isa = PBXGroup;
			children = (
				B4EC7A481CB29D9700B1F613 /* Budgetto.app */,
			);
			name = Products;
			sourceTree = "<group>";
		};
		B4EC7A4A1CB29D9700B1F613 /* Budgetto */ = {
			isa = PBXGroup;
			children = (
				F9E9A32C1CB43FCB00E10B2A /* Model */,
				B4EC7A4B1CB29D9700B1F613 /* AppDelegate.swift */,
				B4EC7A4D1CB29D9700B1F613 /* ViewController.swift */,
				F90067E91CB3FD0A00B7075D /* TemplateTableViewController.swift */,
				B4EC7A4F1CB29D9700B1F613 /* Main.storyboard */,
				F98C76021CB5203F00944144 /* TemplateAddEditViewController.swift */,
				F90067EB1CB402D500B7075D /* TemplateDetailViewController.swift */,
				B4EC7A551CB29D9700B1F613 /* Assets.xcassets */,
				B4EC7A571CB29D9700B1F613 /* LaunchScreen.storyboard */,
				B4EC7A5A1CB29D9700B1F613 /* Info.plist */,
				B4EC7A521CB29D9700B1F613 /* Budgetto.xcdatamodeld */,
				B4EC7A621CB29EBE00B1F613 /* ExpensesDetailViewController.swift */,
				B4EC7A641CB2A16D00B1F613 /* ExpensesController.swift */,
			);
			path = Budgetto;
			sourceTree = "<group>";
		};
		B4EC7A661CB2AE5700B1F613 /* Extensions */ = {
			isa = PBXGroup;
			children = (
				B4EC7A691CB2AEBB00B1F613 /* UIColorExtension.swift */,
				B4EC7A6B1CB2B26300B1F613 /* UIViewExtension.swift */,
			);
			name = Extensions;
			sourceTree = "<group>";
		};
		F9E9A32C1CB43FCB00E10B2A /* Model */ = {
			isa = PBXGroup;
			children = (
				F9E9A32A1CB43FC600E10B2A /* BudgettoCell.swift */,
			);
			name = Model;
			sourceTree = "<group>";
		};
/* End PBXGroup section */

/* Begin PBXNativeTarget section */
		B4EC7A471CB29D9700B1F613 /* Budgetto */ = {
			isa = PBXNativeTarget;
			buildConfigurationList = B4EC7A5D1CB29D9700B1F613 /* Build configuration list for PBXNativeTarget "Budgetto" */;
			buildPhases = (
				B4EC7A441CB29D9700B1F613 /* Sources */,
				B4EC7A451CB29D9700B1F613 /* Frameworks */,
				B4EC7A461CB29D9700B1F613 /* Resources */,
			);
			buildRules = (
			);
			dependencies = (
			);
			name = Budgetto;
			productName = Budgetto;
			productReference = B4EC7A481CB29D9700B1F613 /* Budgetto.app */;
			productType = "com.apple.product-type.application";
		};
/* End PBXNativeTarget section */

/* Begin PBXProject section */
		B4EC7A401CB29D9700B1F613 /* Project object */ = {
			isa = PBXProject;
			attributes = {
				LastSwiftUpdateCheck = 0730;
				LastUpgradeCheck = 0730;
				ORGANIZATIONNAME = SJT;
				TargetAttributes = {
					B4EC7A471CB29D9700B1F613 = {
						CreatedOnToolsVersion = 7.3;
						DevelopmentTeam = 4JLUJ8SU2K;
					};
				};
			};
			buildConfigurationList = B4EC7A431CB29D9700B1F613 /* Build configuration list for PBXProject "Budgetto" */;
			compatibilityVersion = "Xcode 3.2";
			developmentRegion = English;
			hasScannedForEncodings = 0;
			knownRegions = (
				en,
				Base,
			);
			mainGroup = B4EC7A3F1CB29D9700B1F613;
			productRefGroup = B4EC7A491CB29D9700B1F613 /* Products */;
			projectDirPath = "";
			projectRoot = "";
			targets = (
				B4EC7A471CB29D9700B1F613 /* Budgetto */,
			);
		};
/* End PBXProject section */

/* Begin PBXResourcesBuildPhase section */
		B4EC7A461CB29D9700B1F613 /* Resources */ = {
			isa = PBXResourcesBuildPhase;
			buildActionMask = 2147483647;
			files = (
				B4EC7A591CB29D9700B1F613 /* LaunchScreen.storyboard in Resources */,
				B4EC7A561CB29D9700B1F613 /* Assets.xcassets in Resources */,
				B4EC7A511CB29D9700B1F613 /* Main.storyboard in Resources */,
			);
			runOnlyForDeploymentPostprocessing = 0;
		};
/* End PBXResourcesBuildPhase section */

/* Begin PBXSourcesBuildPhase section */
		B4EC7A441CB29D9700B1F613 /* Sources */ = {
			isa = PBXSourcesBuildPhase;
			buildActionMask = 2147483647;
			files = (
				F98C76031CB5203F00944144 /* TemplateAddEditViewController.swift in Sources */,
				B4EC7A4E1CB29D9700B1F613 /* ViewController.swift in Sources */,
				B4EC7A4C1CB29D9700B1F613 /* AppDelegate.swift in Sources */,
				F90067EC1CB402D500B7075D /* TemplateDetailViewController.swift in Sources */,
				B4EC7A651CB2A16D00B1F613 /* ExpensesController.swift in Sources */,
				F9E9A32B1CB43FC600E10B2A /* BudgettoCell.swift in Sources */,
				B4EC7A631CB29EBE00B1F613 /* ExpensesDetailViewController.swift in Sources */,
				B4CD632D1CB3B62700CEDD58 /* Income.swift in Sources */,
				B4CD632C1CB3B62700CEDD58 /* Income+CoreDataProperties.swift in Sources */,
				B4CD632A1CB3B62700CEDD58 /* Expense+CoreDataProperties.swift in Sources */,
				B4EC7A6C1CB2B26300B1F613 /* UIViewExtension.swift in Sources */,
				B4CD632B1CB3B62700CEDD58 /* Expense.swift in Sources */,
				F90067EA1CB3FD0A00B7075D /* TemplateTableViewController.swift in Sources */,
				B4EC7A541CB29D9700B1F613 /* Budgetto.xcdatamodeld in Sources */,
				B4EC7A6A1CB2AEBB00B1F613 /* UIColorExtension.swift in Sources */,
			);
			runOnlyForDeploymentPostprocessing = 0;
		};
/* End PBXSourcesBuildPhase section */

/* Begin PBXVariantGroup section */
		B4EC7A4F1CB29D9700B1F613 /* Main.storyboard */ = {
			isa = PBXVariantGroup;
			children = (
				B4EC7A501CB29D9700B1F613 /* Base */,
			);
			name = Main.storyboard;
			sourceTree = "<group>";
		};
		B4EC7A571CB29D9700B1F613 /* LaunchScreen.storyboard */ = {
			isa = PBXVariantGroup;
			children = (
				B4EC7A581CB29D9700B1F613 /* Base */,
			);
			name = LaunchScreen.storyboard;
			sourceTree = "<group>";
		};
/* End PBXVariantGroup section */

/* Begin XCBuildConfiguration section */
		B4EC7A5B1CB29D9700B1F613 /* Debug */ = {
			isa = XCBuildConfiguration;
			buildSettings = {
				ALWAYS_SEARCH_USER_PATHS = NO;
				CLANG_ANALYZER_NONNULL = YES;
				CLANG_CXX_LANGUAGE_STANDARD = "gnu++0x";
				CLANG_CXX_LIBRARY = "libc++";
				CLANG_ENABLE_MODULES = YES;
				CLANG_ENABLE_OBJC_ARC = YES;
				CLANG_WARN_BOOL_CONVERSION = YES;
				CLANG_WARN_CONSTANT_CONVERSION = YES;
				CLANG_WARN_DIRECT_OBJC_ISA_USAGE = YES_ERROR;
				CLANG_WARN_EMPTY_BODY = YES;
				CLANG_WARN_ENUM_CONVERSION = YES;
				CLANG_WARN_INT_CONVERSION = YES;
				CLANG_WARN_OBJC_ROOT_CLASS = YES_ERROR;
				CLANG_WARN_UNREACHABLE_CODE = YES;
				CLANG_WARN__DUPLICATE_METHOD_MATCH = YES;
				"CODE_SIGN_IDENTITY[sdk=iphoneos*]" = "iPhone Developer";
				COPY_PHASE_STRIP = NO;
				DEBUG_INFORMATION_FORMAT = dwarf;
				ENABLE_STRICT_OBJC_MSGSEND = YES;
				ENABLE_TESTABILITY = YES;
				GCC_C_LANGUAGE_STANDARD = gnu99;
				GCC_DYNAMIC_NO_PIC = NO;
				GCC_NO_COMMON_BLOCKS = YES;
				GCC_OPTIMIZATION_LEVEL = 0;
				GCC_PREPROCESSOR_DEFINITIONS = (
					"DEBUG=1",
					"$(inherited)",
				);
				GCC_WARN_64_TO_32_BIT_CONVERSION = YES;
				GCC_WARN_ABOUT_RETURN_TYPE = YES_ERROR;
				GCC_WARN_UNDECLARED_SELECTOR = YES;
				GCC_WARN_UNINITIALIZED_AUTOS = YES_AGGRESSIVE;
				GCC_WARN_UNUSED_FUNCTION = YES;
				GCC_WARN_UNUSED_VARIABLE = YES;
				IPHONEOS_DEPLOYMENT_TARGET = 9.3;
				MTL_ENABLE_DEBUG_INFO = YES;
				ONLY_ACTIVE_ARCH = YES;
				SDKROOT = iphoneos;
				SWIFT_OPTIMIZATION_LEVEL = "-Onone";
				TARGETED_DEVICE_FAMILY = "1,2";
			};
			name = Debug;
		};
		B4EC7A5C1CB29D9700B1F613 /* Release */ = {
			isa = XCBuildConfiguration;
			buildSettings = {
				ALWAYS_SEARCH_USER_PATHS = NO;
				CLANG_ANALYZER_NONNULL = YES;
				CLANG_CXX_LANGUAGE_STANDARD = "gnu++0x";
				CLANG_CXX_LIBRARY = "libc++";
				CLANG_ENABLE_MODULES = YES;
				CLANG_ENABLE_OBJC_ARC = YES;
				CLANG_WARN_BOOL_CONVERSION = YES;
				CLANG_WARN_CONSTANT_CONVERSION = YES;
				CLANG_WARN_DIRECT_OBJC_ISA_USAGE = YES_ERROR;
				CLANG_WARN_EMPTY_BODY = YES;
				CLANG_WARN_ENUM_CONVERSION = YES;
				CLANG_WARN_INT_CONVERSION = YES;
				CLANG_WARN_OBJC_ROOT_CLASS = YES_ERROR;
				CLANG_WARN_UNREACHABLE_CODE = YES;
				CLANG_WARN__DUPLICATE_METHOD_MATCH = YES;
				"CODE_SIGN_IDENTITY[sdk=iphoneos*]" = "iPhone Developer";
				COPY_PHASE_STRIP = NO;
				DEBUG_INFORMATION_FORMAT = "dwarf-with-dsym";
				ENABLE_NS_ASSERTIONS = NO;
				ENABLE_STRICT_OBJC_MSGSEND = YES;
				GCC_C_LANGUAGE_STANDARD = gnu99;
				GCC_NO_COMMON_BLOCKS = YES;
				GCC_WARN_64_TO_32_BIT_CONVERSION = YES;
				GCC_WARN_ABOUT_RETURN_TYPE = YES_ERROR;
				GCC_WARN_UNDECLARED_SELECTOR = YES;
				GCC_WARN_UNINITIALIZED_AUTOS = YES_AGGRESSIVE;
				GCC_WARN_UNUSED_FUNCTION = YES;
				GCC_WARN_UNUSED_VARIABLE = YES;
				IPHONEOS_DEPLOYMENT_TARGET = 9.3;
				MTL_ENABLE_DEBUG_INFO = NO;
				SDKROOT = iphoneos;
				TARGETED_DEVICE_FAMILY = "1,2";
				VALIDATE_PRODUCT = YES;
			};
			name = Release;
		};
		B4EC7A5E1CB29D9700B1F613 /* Debug */ = {
			isa = XCBuildConfiguration;
			buildSettings = {
				ASSETCATALOG_COMPILER_APPICON_NAME = AppIcon;
				CODE_SIGN_IDENTITY = "iPhone Developer";
				"CODE_SIGN_IDENTITY[sdk=iphoneos*]" = "iPhone Developer";
				INFOPLIST_FILE = Budgetto/Info.plist;
				LD_RUNPATH_SEARCH_PATHS = "$(inherited) @executable_path/Frameworks";
				PRODUCT_BUNDLE_IDENTIFIER = dk.sjt.Budgetto;
				PRODUCT_NAME = "$(TARGET_NAME)";
				PROVISIONING_PROFILE = "";
			};
			name = Debug;
		};
		B4EC7A5F1CB29D9700B1F613 /* Release */ = {
			isa = XCBuildConfiguration;
			buildSettings = {
				ASSETCATALOG_COMPILER_APPICON_NAME = AppIcon;
				CODE_SIGN_IDENTITY = "iPhone Developer";
				"CODE_SIGN_IDENTITY[sdk=iphoneos*]" = "iPhone Developer";
				INFOPLIST_FILE = Budgetto/Info.plist;
				LD_RUNPATH_SEARCH_PATHS = "$(inherited) @executable_path/Frameworks";
				PRODUCT_BUNDLE_IDENTIFIER = dk.sjt.Budgetto;
				PRODUCT_NAME = "$(TARGET_NAME)";
				PROVISIONING_PROFILE = "";
			};
			name = Release;
		};
/* End XCBuildConfiguration section */

/* Begin XCConfigurationList section */
		B4EC7A431CB29D9700B1F613 /* Build configuration list for PBXProject "Budgetto" */ = {
			isa = XCConfigurationList;
			buildConfigurations = (
				B4EC7A5B1CB29D9700B1F613 /* Debug */,
				B4EC7A5C1CB29D9700B1F613 /* Release */,
			);
			defaultConfigurationIsVisible = 0;
			defaultConfigurationName = Release;
		};
		B4EC7A5D1CB29D9700B1F613 /* Build configuration list for PBXNativeTarget "Budgetto" */ = {
			isa = XCConfigurationList;
			buildConfigurations = (
				B4EC7A5E1CB29D9700B1F613 /* Debug */,
				B4EC7A5F1CB29D9700B1F613 /* Release */,
			);
			defaultConfigurationIsVisible = 0;
			defaultConfigurationName = Release;
		};
/* End XCConfigurationList section */

/* Begin XCVersionGroup section */
		B4EC7A521CB29D9700B1F613 /* Budgetto.xcdatamodeld */ = {
			isa = XCVersionGroup;
			children = (
				B4EC7A531CB29D9700B1F613 /* Budgetto.xcdatamodel */,
			);
			currentVersion = B4EC7A531CB29D9700B1F613 /* Budgetto.xcdatamodel */;
			path = Budgetto.xcdatamodeld;
			sourceTree = "<group>";
			versionGroupType = wrapper.xcdatamodel;
		};
/* End XCVersionGroup section */
	};
	rootObject = B4EC7A401CB29D9700B1F613 /* Project object */;
}
